// !$*UTF8*$!
{
	archiveVersion = 1;
	classes = {
	};
	objectVersion = 77;
	objects = {

/* Begin PBXBuildFile section */
		736170F108B749F28DBB3081 /* RenderQueueView.swift in Sources */ = {isa = PBXBuildFile; fileRef = A463E1BE28EC4541B1773047 /* RenderQueueView.swift */; };
		BC4731A7B9164AF1B8D53CF6 /* RenderQueueManager.swift in Sources */ = {isa = PBXBuildFile; fileRef = 6F7783F355894FB2A7064437 /* RenderQueueManager.swift */; };
		989F3BA193644CED8E6F19E6 /* ImageCropperView.swift in Sources */ = {isa = PBXBuildFile; fileRef = B05F8077C1F94248AC122D2D /* ImageCropperView.swift */; };
		153912AA70077D3F09021C02 /* AudioScanner.swift in Sources */ = {isa = PBXBuildFile; fileRef = 1360D63A0C8E26D2D0732942 /* AudioScanner.swift */; };
		18C5FF565A1C8C78D7B2476E /* MetadataFetcher.swift in Sources */ = {isa = PBXBuildFile; fileRef = E0B1724D5A3558E820FDE0C9 /* MetadataFetcher.swift */; };
		25AC0871DFB2E3DA75553A30 /* NativeVideoAssembler.swift in Sources */ = {isa = PBXBuildFile; fileRef = 5B0B91FA0A7871D76AFC7BE2 /* NativeVideoAssembler.swift */; };
		27317FD4999B377787DEE008 /* LayoutSettingsForm.swift in Sources */ = {isa = PBXBuildFile; fileRef = D4136FF6BFED02B5B785844F /* LayoutSettingsForm.swift */; };
		464304F1678FB4AD9F101B60 /* MetadataEditorView.swift in Sources */ = {isa = PBXBuildFile; fileRef = D7ED906324AB4343E74ED59D /* MetadataEditorView.swift */; };
		513FBA58E41ACC8FE5ED721D /* AudioTagReader.swift in Sources */ = {isa = PBXBuildFile; fileRef = 28C020F938194C673E7148F7 /* AudioTagReader.swift */; };
		53C74DB157DE17DFFF5FDCD5 /* ColorExtractor.swift in Sources */ = {isa = PBXBuildFile; fileRef = D748AD2EB3664147E17B8778 /* ColorExtractor.swift */; };
		647C529E07CB59E7629B5F63 /* ExportSettingsWizard.swift in Sources */ = {isa = PBXBuildFile; fileRef = 9B886C8C303129B4E168D55F /* ExportSettingsWizard.swift */; };
		6562B4116841CC3C9E2AA188 /* MusicVideoMacApp.swift in Sources */ = {isa = PBXBuildFile; fileRef = AA312A667E85EA8C4A1F5300 /* MusicVideoMacApp.swift */; };
		85F436D6198FBA4F56008D4B /* RenderPreviewView.swift in Sources */ = {isa = PBXBuildFile; fileRef = B4C29C174E26DB7A5CACAD5D /* RenderPreviewView.swift */; };
		888219B4C4EBD2C225994B49 /* FrameRenderer.swift in Sources */ = {isa = PBXBuildFile; fileRef = 856C40B1943AE4794C38FC22 /* FrameRenderer.swift */; };
		8EBD40AB5F6A3B2D56E74840 /* SettingsView.swift in Sources */ = {isa = PBXBuildFile; fileRef = 6A4B0DEA3BF993E45161C37B /* SettingsView.swift */; };
		91EA7680CA0A78F931D1D040 /* Localizable.xcstrings in Resources */ = {isa = PBXBuildFile; fileRef = ED01013B7F13A3A57445B6C0 /* Localizable.xcstrings */; };
		B012FB97ACC51D63BCB3D031 /* ContentView.swift in Sources */ = {isa = PBXBuildFile; fileRef = 4C495CCAC9BD8BAB2886350E /* ContentView.swift */; };
		B0413663BD51B476829EE642 /* AppViewModel.swift in Sources */ = {isa = PBXBuildFile; fileRef = 677B2EF0178A10E23C3B7413 /* AppViewModel.swift */; };
		BD50AF8B2494E16CF5ECA0CD /* NumericSlider.swift in Sources */ = {isa = PBXBuildFile; fileRef = B74F5921875FBD256D059B3B /* NumericSlider.swift */; };
		CDD15EF6160A2E45045A1705 /* MusicVideo.icon in Resources */ = {isa = PBXBuildFile; fileRef = FFD0CC6E324A2E6A912F0467 /* MusicVideo.icon */; };
		E107F15D8ACC546248563AE3 /* Models.swift in Sources */ = {isa = PBXBuildFile; fileRef = D1D29F5D9E6F9F3D44AF46D7 /* Models.swift */; };
/* End PBXBuildFile section */

/* Begin PBXFileReference section */
		A463E1BE28EC4541B1773047 /* RenderQueueView.swift */ = {isa = PBXFileReference; lastKnownFileType = sourcecode.swift; path = RenderQueueView.swift; sourceTree = "<group>"; };
		6F7783F355894FB2A7064437 /* RenderQueueManager.swift */ = {isa = PBXFileReference; lastKnownFileType = sourcecode.swift; path = RenderQueueManager.swift; sourceTree = "<group>"; };
		B05F8077C1F94248AC122D2D /* ImageCropperView.swift */ = {isa = PBXFileReference; lastKnownFileType = sourcecode.swift; path = ImageCropperView.swift; sourceTree = "<group>"; };
		1360D63A0C8E26D2D0732942 /* AudioScanner.swift */ = {isa = PBXFileReference; lastKnownFileType = sourcecode.swift; path = AudioScanner.swift; sourceTree = "<group>"; };
		28C020F938194C673E7148F7 /* AudioTagReader.swift */ = {isa = PBXFileReference; lastKnownFileType = sourcecode.swift; path = AudioTagReader.swift; sourceTree = "<group>"; };
		4C495CCAC9BD8BAB2886350E /* ContentView.swift */ = {isa = PBXFileReference; lastKnownFileType = sourcecode.swift; path = ContentView.swift; sourceTree = "<group>"; };
		5B0B91FA0A7871D76AFC7BE2 /* NativeVideoAssembler.swift */ = {isa = PBXFileReference; lastKnownFileType = sourcecode.swift; path = NativeVideoAssembler.swift; sourceTree = "<group>"; };
		677B2EF0178A10E23C3B7413 /* AppViewModel.swift */ = {isa = PBXFileReference; lastKnownFileType = sourcecode.swift; path = AppViewModel.swift; sourceTree = "<group>"; };
		6A4B0DEA3BF993E45161C37B /* SettingsView.swift */ = {isa = PBXFileReference; lastKnownFileType = sourcecode.swift; path = SettingsView.swift; sourceTree = "<group>"; };
		856C40B1943AE4794C38FC22 /* FrameRenderer.swift */ = {isa = PBXFileReference; lastKnownFileType = sourcecode.swift; path = FrameRenderer.swift; sourceTree = "<group>"; };
		9B886C8C303129B4E168D55F /* ExportSettingsWizard.swift */ = {isa = PBXFileReference; lastKnownFileType = sourcecode.swift; path = ExportSettingsWizard.swift; sourceTree = "<group>"; };
		9C2CB0B47198472B2732679F /* MusicVideoMacApp.app */ = {isa = PBXFileReference; explicitFileType = wrapper.application; includeInIndex = 0; path = MusicVideoMacApp.app; sourceTree = BUILT_PRODUCTS_DIR; };
		AA312A667E85EA8C4A1F5300 /* MusicVideoMacApp.swift */ = {isa = PBXFileReference; lastKnownFileType = sourcecode.swift; path = MusicVideoMacApp.swift; sourceTree = "<group>"; };
		B4C29C174E26DB7A5CACAD5D /* RenderPreviewView.swift */ = {isa = PBXFileReference; lastKnownFileType = sourcecode.swift; path = RenderPreviewView.swift; sourceTree = "<group>"; };
		B74F5921875FBD256D059B3B /* NumericSlider.swift */ = {isa = PBXFileReference; lastKnownFileType = sourcecode.swift; path = NumericSlider.swift; sourceTree = "<group>"; };
		D09A021F5342FA26BB4F49EB /* Info.plist */ = {isa = PBXFileReference; lastKnownFileType = text.plist; path = Info.plist; sourceTree = "<group>"; };
		D1D29F5D9E6F9F3D44AF46D7 /* Models.swift */ = {isa = PBXFileReference; lastKnownFileType = sourcecode.swift; path = Models.swift; sourceTree = "<group>"; };
		D4136FF6BFED02B5B785844F /* LayoutSettingsForm.swift */ = {isa = PBXFileReference; lastKnownFileType = sourcecode.swift; path = LayoutSettingsForm.swift; sourceTree = "<group>"; };
		D748AD2EB3664147E17B8778 /* ColorExtractor.swift */ = {isa = PBXFileReference; lastKnownFileType = sourcecode.swift; path = ColorExtractor.swift; sourceTree = "<group>"; };
		D7ED906324AB4343E74ED59D /* MetadataEditorView.swift */ = {isa = PBXFileReference; lastKnownFileType = sourcecode.swift; path = MetadataEditorView.swift; sourceTree = "<group>"; };
		E0B1724D5A3558E820FDE0C9 /* MetadataFetcher.swift */ = {isa = PBXFileReference; lastKnownFileType = sourcecode.swift; path = MetadataFetcher.swift; sourceTree = "<group>"; };
		ED01013B7F13A3A57445B6C0 /* Localizable.xcstrings */ = {isa = PBXFileReference; lastKnownFileType = text.json.xcstrings; path = Localizable.xcstrings; sourceTree = "<group>"; };
		FFD0CC6E324A2E6A912F0467 /* MusicVideo.icon */ = {isa = PBXFileReference; lastKnownFileType = wrapper.icon; path = MusicVideo.icon; sourceTree = "<group>"; };
/* End PBXFileReference section */

/* Begin PBXGroup section */
		07746F9D8BD35F20E24669F0 = {
			isa = PBXGroup;
			children = (
				81A9727CDECC0EF3E5EC7CE4 /* Resources */,
				109EE324EC41404EBB6582EC /* Sources */,
				E480274E0ED72532119EEEC5 /* Products */,
			);
			sourceTree = "<group>";
		};
		08E8CC0F61960BBD91B552DD /* Rendering */ = {
			isa = PBXGroup;
			children = (
				D748AD2EB3664147E17B8778 /* ColorExtractor.swift */,
				856C40B1943AE4794C38FC22 /* FrameRenderer.swift */,
				5B0B91FA0A7871D76AFC7BE2 /* NativeVideoAssembler.swift */,
			);
			path = Rendering;
			sourceTree = "<group>";
		};
		109EE324EC41404EBB6582EC /* Sources */ = {
			isa = PBXGroup;
			children = (
				FAA6CC7BB13C9259BB12F2E5 /* App */,
				7B0FE559EAFB2EDE78CD475E /* Core */,
				766D5978FBA78AC1305261B1 /* Models */,
				F6A96605320E2C9650125D2B /* UI */,
				22AC27A6CF30462C605689B5 /* ViewModels */,
			);
			path = Sources;
			sourceTree = "<group>";
		};
		22AC27A6CF30462C605689B5 /* ViewModels */ = {
			isa = PBXGroup;
			children = (
				677B2EF0178A10E23C3B7413 /* AppViewModel.swift */,
				6F7783F355894FB2A7064437 /* RenderQueueManager.swift */,
			);
			path = ViewModels;
			sourceTree = "<group>";
		};
		59316488F89EB0CCFDE6D809 /* Audio */ = {
			isa = PBXGroup;
			children = (
				1360D63A0C8E26D2D0732942 /* AudioScanner.swift */,
				28C020F938194C673E7148F7 /* AudioTagReader.swift */,
			);
			path = Audio;
			sourceTree = "<group>";
		};
		766D5978FBA78AC1305261B1 /* Models */ = {
			isa = PBXGroup;
			children = (
				D1D29F5D9E6F9F3D44AF46D7 /* Models.swift */,
			);
			path = Models;
			sourceTree = "<group>";
		};
		7B0FE559EAFB2EDE78CD475E /* Core */ = {
			isa = PBXGroup;
			children = (
				59316488F89EB0CCFDE6D809 /* Audio */,
				8CAD25749BECF9A96125CBE5 /* Metadata */,
				08E8CC0F61960BBD91B552DD /* Rendering */,
			);
			path = Core;
			sourceTree = "<group>";
		};
		81A9727CDECC0EF3E5EC7CE4 /* Resources */ = {
			isa = PBXGroup;
			children = (
				D09A021F5342FA26BB4F49EB /* Info.plist */,
				ED01013B7F13A3A57445B6C0 /* Localizable.xcstrings */,
				FFD0CC6E324A2E6A912F0467 /* MusicVideo.icon */,
			);
			path = Resources;
			sourceTree = "<group>";
		};
		88FDCA95268492048B7702E1 /* Components */ = {
			isa = PBXGroup;
			children = (
				B74F5921875FBD256D059B3B /* NumericSlider.swift */,
				B05F8077C1F94248AC122D2D /* ImageCropperView.swift */,
			);
			path = Components;
			sourceTree = "<group>";
		};
		8CAD25749BECF9A96125CBE5 /* Metadata */ = {
			isa = PBXGroup;
			children = (
				E0B1724D5A3558E820FDE0C9 /* MetadataFetcher.swift */,
			);
			path = Metadata;
			sourceTree = "<group>";
		};
		E480274E0ED72532119EEEC5 /* Products */ = {
			isa = PBXGroup;
			children = (
				9C2CB0B47198472B2732679F /* MusicVideoMacApp.app */,
			);
			name = Products;
			sourceTree = "<group>";
		};
		F6A96605320E2C9650125D2B /* UI */ = {
			isa = PBXGroup;
			children = (
				88FDCA95268492048B7702E1 /* Components */,
				F7D6EDE4F5EA1FFB72A4731A /* Views */,
			);
			path = UI;
			sourceTree = "<group>";
		};
		F7D6EDE4F5EA1FFB72A4731A /* Views */ = {
			isa = PBXGroup;
			children = (
				4C495CCAC9BD8BAB2886350E /* ContentView.swift */,
				9B886C8C303129B4E168D55F /* ExportSettingsWizard.swift */,
				D4136FF6BFED02B5B785844F /* LayoutSettingsForm.swift */,
				D7ED906324AB4343E74ED59D /* MetadataEditorView.swift */,
				B4C29C174E26DB7A5CACAD5D /* RenderPreviewView.swift */,
				6A4B0DEA3BF993E45161C37B /* SettingsView.swift */,
				A463E1BE28EC4541B1773047 /* RenderQueueView.swift */,
			);
			path = Views;
			sourceTree = "<group>";
		};
		FAA6CC7BB13C9259BB12F2E5 /* App */ = {
			isa = PBXGroup;
			children = (
				AA312A667E85EA8C4A1F5300 /* MusicVideoMacApp.swift */,
			);
			path = App;
			sourceTree = "<group>";
		};
/* End PBXGroup section */

/* Begin PBXNativeTarget section */
		12A7499E34E542C5B4A3C2C0 /* MusicVideoMacApp */ = {
			isa = PBXNativeTarget;
			buildConfigurationList = 04E0BE324BB617B36FCAB921 /* Build configuration list for PBXNativeTarget "MusicVideoMacApp" */;
			buildPhases = (
				E006EA5EF317B15435D194CB /* Sources */,
				D9BD0854D2F737538DD3A006 /* Resources */,
			);
			buildRules = (
			);
			dependencies = (
			);
			name = MusicVideoMacApp;
			packageProductDependencies = (
			);
			productName = MusicVideoMacApp;
			productReference = 9C2CB0B47198472B2732679F /* MusicVideoMacApp.app */;
			productType = "com.apple.product-type.application";
		};
/* End PBXNativeTarget section */

/* Begin PBXProject section */
		EDA605B5D5E214ADC8B16A6F /* Project object */ = {
			isa = PBXProject;
			attributes = {
				BuildIndependentTargetsInParallel = YES;
				LastUpgradeCheck = 1430;
				TargetAttributes = {
					12A7499E34E542C5B4A3C2C0 = {
						DevelopmentTeam = "";
					};
				};
			};
			buildConfigurationList = F25AFCA0E2F409E842613675 /* Build configuration list for PBXProject "MusicVideoMacApp" */;
			developmentRegion = en;
			hasScannedForEncodings = 0;
			knownRegions = (
				Base,
				en,
				fr,
				ja,
				"zh-Hans",
			);
			mainGroup = 07746F9D8BD35F20E24669F0;
			minimizedProjectReferenceProxies = 1;
			preferredProjectObjectVersion = 77;
			productRefGroup = E480274E0ED72532119EEEC5 /* Products */;
			projectDirPath = "";
			projectRoot = "";
			targets = (
				12A7499E34E542C5B4A3C2C0 /* MusicVideoMacApp */,
			);
		};
/* End PBXProject section */

/* Begin PBXResourcesBuildPhase section */
		D9BD0854D2F737538DD3A006 /* Resources */ = {
			isa = PBXResourcesBuildPhase;
			buildActionMask = 2147483647;
			files = (
				91EA7680CA0A78F931D1D040 /* Localizable.xcstrings in Resources */,
				CDD15EF6160A2E45045A1705 /* MusicVideo.icon in Resources */,
			);
			runOnlyForDeploymentPostprocessing = 0;
		};
/* End PBXResourcesBuildPhase section */

/* Begin PBXSourcesBuildPhase section */
		E006EA5EF317B15435D194CB /* Sources */ = {
			isa = PBXSourcesBuildPhase;
			buildActionMask = 2147483647;
			files = (
				B0413663BD51B476829EE642 /* AppViewModel.swift in Sources */,
				153912AA70077D3F09021C02 /* AudioScanner.swift in Sources */,
				513FBA58E41ACC8FE5ED721D /* AudioTagReader.swift in Sources */,
				53C74DB157DE17DFFF5FDCD5 /* ColorExtractor.swift in Sources */,
				B012FB97ACC51D63BCB3D031 /* ContentView.swift in Sources */,
				647C529E07CB59E7629B5F63 /* ExportSettingsWizard.swift in Sources */,
				888219B4C4EBD2C225994B49 /* FrameRenderer.swift in Sources */,
				27317FD4999B377787DEE008 /* LayoutSettingsForm.swift in Sources */,
				464304F1678FB4AD9F101B60 /* MetadataEditorView.swift in Sources */,
				18C5FF565A1C8C78D7B2476E /* MetadataFetcher.swift in Sources */,
				E107F15D8ACC546248563AE3 /* Models.swift in Sources */,
				6562B4116841CC3C9E2AA188 /* MusicVideoMacApp.swift in Sources */,
				25AC0871DFB2E3DA75553A30 /* NativeVideoAssembler.swift in Sources */,
				BD50AF8B2494E16CF5ECA0CD /* NumericSlider.swift in Sources */,
				85F436D6198FBA4F56008D4B /* RenderPreviewView.swift in Sources */,
				8EBD40AB5F6A3B2D56E74840 /* SettingsView.swift in Sources */,
				989F3BA193644CED8E6F19E6 /* ImageCropperView.swift in Sources */,
				BC4731A7B9164AF1B8D53CF6 /* RenderQueueManager.swift in Sources */,
				736170F108B749F28DBB3081 /* RenderQueueView.swift in Sources */,
			);
			runOnlyForDeploymentPostprocessing = 0;
		};
/* End PBXSourcesBuildPhase section */

/* Begin XCBuildConfiguration section */
		21753BEB11958B908ED83A5E /* Release */ = {
			isa = XCBuildConfiguration;
			buildSettings = {
				ASSETCATALOG_COMPILER_APPICON_NAME = MusicVideo;
				CODE_SIGN_ENTITLEMENTS = MusicVideoMacApp.entitlements;
				CODE_SIGN_IDENTITY = "-";
				COMBINE_HIDPI_IMAGES = YES;
				CURRENT_PROJECT_VERSION = 2;
				DEVELOPMENT_TEAM = "";
				ENABLE_PREVIEWS = YES;
				INFOPLIST_FILE = Resources/Info.plist;
				INFOPLIST_KEY_CFBundleDisplayName = "Music Video Generator";
				LD_RUNPATH_SEARCH_PATHS = (
					"$(inherited)",
					"@executable_path/../Frameworks",
				);
				MACOSX_DEPLOYMENT_TARGET = 14.0;
				MARKETING_VERSION = 1.1.0;
				PRODUCT_BUNDLE_IDENTIFIER = com.musicvideo.MusicVideoMacApp;
				PRODUCT_NAME = "Music Video Generator";
				SDKROOT = macosx;
				SWIFT_EMIT_LOC_STRINGS = YES;
				SWIFT_VERSION = 5.0;
			};
			name = Release;
		};
		31BFD9A98C812B15B910F14E /* Debug */ = {
			isa = XCBuildConfiguration;
			buildSettings = {
				ASSETCATALOG_COMPILER_APPICON_NAME = MusicVideo;
				CODE_SIGN_ENTITLEMENTS = MusicVideoMacApp.entitlements;
				CODE_SIGN_IDENTITY = "-";
				COMBINE_HIDPI_IMAGES = YES;
				CURRENT_PROJECT_VERSION = 2;
				DEVELOPMENT_TEAM = "";
				ENABLE_PREVIEWS = YES;
				INFOPLIST_FILE = Resources/Info.plist;
				INFOPLIST_KEY_CFBundleDisplayName = "Music Video Generator";
				LD_RUNPATH_SEARCH_PATHS = (
					"$(inherited)",
					"@executable_path/../Frameworks",
				);
				MACOSX_DEPLOYMENT_TARGET = 14.0;
				MARKETING_VERSION = 1.1.0;
				PRODUCT_BUNDLE_IDENTIFIER = com.musicvideo.MusicVideoMacApp;
				PRODUCT_NAME = "Music Video Generator";
				SDKROOT = macosx;
				SWIFT_EMIT_LOC_STRINGS = YES;
				SWIFT_VERSION = 5.0;
			};
			name = Debug;
		};
		618717B607562459B4E56F76 /* Release */ = {
			isa = XCBuildConfiguration;
			buildSettings = {
				ALWAYS_SEARCH_USER_PATHS = NO;
				CLANG_ANALYZER_NONNULL = YES;
				CLANG_ANALYZER_NUMBER_OBJECT_CONVERSION = YES_AGGRESSIVE;
				CLANG_CXX_LANGUAGE_STANDARD = "gnu++14";
				CLANG_CXX_LIBRARY = "libc++";
				CLANG_ENABLE_MODULES = YES;
				CLANG_ENABLE_OBJC_ARC = YES;
				CLANG_ENABLE_OBJC_WEAK = YES;
				CLANG_WARN_BLOCK_CAPTURE_AUTORELEASING = YES;
				CLANG_WARN_BOOL_CONVERSION = YES;
				CLANG_WARN_COMMA = YES;
				CLANG_WARN_CONSTANT_CONVERSION = YES;
				CLANG_WARN_DEPRECATED_OBJC_IMPLEMENTATIONS = YES;
				CLANG_WARN_DIRECT_OBJC_ISA_USAGE = YES_ERROR;
				CLANG_WARN_DOCUMENTATION_COMMENTS = YES;
				CLANG_WARN_EMPTY_BODY = YES;
				CLANG_WARN_ENUM_CONVERSION = YES;
				CLANG_WARN_INFINITE_RECURSION = YES;
				CLANG_WARN_INT_CONVERSION = YES;
				CLANG_WARN_NON_LITERAL_NULL_CONVERSION = YES;
				CLANG_WARN_OBJC_IMPLICIT_RETAIN_SELF = YES;
				CLANG_WARN_OBJC_LITERAL_CONVERSION = YES;
				CLANG_WARN_OBJC_ROOT_CLASS = YES_ERROR;
				CLANG_WARN_QUOTED_INCLUDE_IN_FRAMEWORK_HEADER = YES;
				CLANG_WARN_RANGE_LOOP_ANALYSIS = YES;
				CLANG_WARN_STRICT_PROTOTYPES = YES;
				CLANG_WARN_SUSPICIOUS_MOVE = YES;
				CLANG_WARN_UNGUARDED_AVAILABILITY = YES_AGGRESSIVE;
				CLANG_WARN_UNREACHABLE_CODE = YES;
				CLANG_WARN__DUPLICATE_METHOD_MATCH = YES;
				COPY_PHASE_STRIP = NO;
				DEBUG_INFORMATION_FORMAT = "dwarf-with-dsym";
				ENABLE_NS_ASSERTIONS = NO;
				ENABLE_STRICT_OBJC_MSGSEND = YES;
				GCC_C_LANGUAGE_STANDARD = gnu11;
				GCC_NO_COMMON_BLOCKS = YES;
				GCC_WARN_64_TO_32_BIT_CONVERSION = YES;
				GCC_WARN_ABOUT_RETURN_TYPE = YES_ERROR;
				GCC_WARN_UNDECLARED_SELECTOR = YES;
				GCC_WARN_UNINITIALIZED_AUTOS = YES_AGGRESSIVE;
				GCC_WARN_UNUSED_FUNCTION = YES;
				GCC_WARN_UNUSED_VARIABLE = YES;
				MTL_ENABLE_DEBUG_INFO = NO;
				MTL_FAST_MATH = YES;
				PRODUCT_NAME = "$(TARGET_NAME)";
				SDKROOT = macosx;
				SWIFT_COMPILATION_MODE = wholemodule;
				SWIFT_OPTIMIZATION_LEVEL = "-O";
				SWIFT_VERSION = 5.0;
			};
			name = Release;
		};
		72BB279345B6975FB826649C /* Debug */ = {
			isa = XCBuildConfiguration;
			buildSettings = {
				ALWAYS_SEARCH_USER_PATHS = NO;
				CLANG_ANALYZER_NONNULL = YES;
				CLANG_ANALYZER_NUMBER_OBJECT_CONVERSION = YES_AGGRESSIVE;
				CLANG_CXX_LANGUAGE_STANDARD = "gnu++14";
				CLANG_CXX_LIBRARY = "libc++";
				CLANG_ENABLE_MODULES = YES;
				CLANG_ENABLE_OBJC_ARC = YES;
				CLANG_ENABLE_OBJC_WEAK = YES;
				CLANG_WARN_BLOCK_CAPTURE_AUTORELEASING = YES;
				CLANG_WARN_BOOL_CONVERSION = YES;
				CLANG_WARN_COMMA = YES;
				CLANG_WARN_CONSTANT_CONVERSION = YES;
				CLANG_WARN_DEPRECATED_OBJC_IMPLEMENTATIONS = YES;
				CLANG_WARN_DIRECT_OBJC_ISA_USAGE = YES_ERROR;
				CLANG_WARN_DOCUMENTATION_COMMENTS = YES;
				CLANG_WARN_EMPTY_BODY = YES;
				CLANG_WARN_ENUM_CONVERSION = YES;
				CLANG_WARN_INFINITE_RECURSION = YES;
				CLANG_WARN_INT_CONVERSION = YES;
				CLANG_WARN_NON_LITERAL_NULL_CONVERSION = YES;
				CLANG_WARN_OBJC_IMPLICIT_RETAIN_SELF = YES;
				CLANG_WARN_OBJC_LITERAL_CONVERSION = YES;
				CLANG_WARN_OBJC_ROOT_CLASS = YES_ERROR;
				CLANG_WARN_QUOTED_INCLUDE_IN_FRAMEWORK_HEADER = YES;
				CLANG_WARN_RANGE_LOOP_ANALYSIS = YES;
				CLANG_WARN_STRICT_PROTOTYPES = YES;
				CLANG_WARN_SUSPICIOUS_MOVE = YES;
				CLANG_WARN_UNGUARDED_AVAILABILITY = YES_AGGRESSIVE;
				CLANG_WARN_UNREACHABLE_CODE = YES;
				CLANG_WARN__DUPLICATE_METHOD_MATCH = YES;
				COPY_PHASE_STRIP = NO;
				DEBUG_INFORMATION_FORMAT = dwarf;
				ENABLE_STRICT_OBJC_MSGSEND = YES;
				ENABLE_TESTABILITY = YES;
				GCC_C_LANGUAGE_STANDARD = gnu11;
				GCC_DYNAMIC_NO_PIC = NO;
				GCC_NO_COMMON_BLOCKS = YES;
				GCC_OPTIMIZATION_LEVEL = 0;
				GCC_PREPROCESSOR_DEFINITIONS = (
					"$(inherited)",
					"DEBUG=1",
				);
				GCC_WARN_64_TO_32_BIT_CONVERSION = YES;
				GCC_WARN_ABOUT_RETURN_TYPE = YES_ERROR;
				GCC_WARN_UNDECLARED_SELECTOR = YES;
				GCC_WARN_UNINITIALIZED_AUTOS = YES_AGGRESSIVE;
				GCC_WARN_UNUSED_FUNCTION = YES;
				GCC_WARN_UNUSED_VARIABLE = YES;
				MTL_ENABLE_DEBUG_INFO = INCLUDE_SOURCE;
				MTL_FAST_MATH = YES;
				ONLY_ACTIVE_ARCH = YES;
				PRODUCT_NAME = "$(TARGET_NAME)";
				SDKROOT = macosx;
				SWIFT_ACTIVE_COMPILATION_CONDITIONS = DEBUG;
				SWIFT_OPTIMIZATION_LEVEL = "-Onone";
				SWIFT_VERSION = 5.0;
			};
			name = Debug;
		};
/* End XCBuildConfiguration section */

/* Begin XCConfigurationList section */
		04E0BE324BB617B36FCAB921 /* Build configuration list for PBXNativeTarget "MusicVideoMacApp" */ = {
			isa = XCConfigurationList;
			buildConfigurations = (
				31BFD9A98C812B15B910F14E /* Debug */,
				21753BEB11958B908ED83A5E /* Release */,
			);
			defaultConfigurationIsVisible = 0;
			defaultConfigurationName = Debug;
		};
		F25AFCA0E2F409E842613675 /* Build configuration list for PBXProject "MusicVideoMacApp" */ = {
			isa = XCConfigurationList;
			buildConfigurations = (
				72BB279345B6975FB826649C /* Debug */,
				618717B607562459B4E56F76 /* Release */,
			);
			defaultConfigurationIsVisible = 0;
			defaultConfigurationName = Debug;
		};
/* End XCConfigurationList section */
	};
	rootObject = EDA605B5D5E214ADC8B16A6F /* Project object */;
}
